
Microsoft Visual Studio Solution File, Format Version 12.00
# Visual Studio Version 16
VisualStudioVersion = 16.0.30225.117
MinimumVisualStudioVersion = 10.0.40219.1
Project("{FAE04EC0-301F-11D3-BF4B-00C04F79EFBC}") = "MusicAI", "SheetMusicEditorCS\MusicAI.csproj", "{00EA01E1-0203-4A7D-9D09-860D98A081E2}"
EndProject
Global
	GlobalSection(SolutionConfigurationPlatforms) = preSolution
		Debug|Any CPU = Debug|Any CPU
		Release|Any CPU = Release|Any CPU
	EndGlobalSection
	GlobalSection(ProjectConfigurationPlatforms) = postSolution
		{00EA01E1-0203-4A7D-9D09-860D98A081E2}.Debug|Any CPU.ActiveCfg = Debug|Any CPU
		{00EA01E1-0203-4A7D-9D09-860D98A081E2}.Debug|Any CPU.Build.0 = Debug|Any CPU
		{00EA01E1-0203-4A7D-9D09-860D98A081E2}.Release|Any CPU.ActiveCfg = Release|Any CPU
		{00EA01E1-0203-4A7D-9D09-860D98A081E2}.Release|Any CPU.Build.0 = Release|Any CPU
	EndGlobalSection
	GlobalSection(SolutionProperties) = preSolution
		HideSolutionNode = FALSE
	EndGlobalSection
	GlobalSection(ExtensibilityGlobals) = postSolution
		SolutionGuid = {C6ADED2A-C085-4585-9B61-7B8B04AC87E7}
	EndGlobalSection
EndGlobal
